
Microsoft Visual Studio Solution File, Format Version 12.00
# Visual Studio Version 17
VisualStudioVersion = 17.5.33414.496
MinimumVisualStudioVersion = 10.0.40219.1
Project("{2150E333-8FDC-42A3-9474-1A3956D46DE8}") = "src", "src", "{BD89DEFC-C5A2-486A-9E86-732F64A3C69F}"
EndProject
Project("{2150E333-8FDC-42A3-9474-1A3956D46DE8}") = "test", "test", "{FDB4DD1E-BD22-4138-91CB-15CEE5D9AD07}"
EndProject
Project("{2150E333-8FDC-42A3-9474-1A3956D46DE8}") = "Services", "Services", "{26272C75-B9CD-4465-8620-4A30D1E7FAEF}"
EndProject
Project("{2150E333-8FDC-42A3-9474-1A3956D46DE8}") = "Workshop", "Workshop", "{1B698C74-5051-49D4-A189-91AF3BCE93A4}"
EndProject
Project("{2150E333-8FDC-42A3-9474-1A3956D46DE8}") = "Scheduling", "Scheduling", "{67F896FA-6D78-4986-AE6B-68546BD71713}"
EndProject
Project("{2150E333-8FDC-42A3-9474-1A3956D46DE8}") = "Inventory", "Inventory", "{77E5993A-0F48-4132-8724-FC0C7BFAE576}"
EndProject
Project("{9A19103F-16F7-4668-BE54-9A1E7A4F7556}") = "Domain", "src\Services\Repair\Domain\Domain.csproj", "{89463748-3226-4BD0-8D7C-607AB68D0E02}"
EndProject
Project("{9A19103F-16F7-4668-BE54-9A1E7A4F7556}") = "Infrastructure.EventStore", "src\Services\Repair\Infrastructure.EventStore\Infrastructure.EventStore.csproj", "{6427923E-6094-4F2E-8878-535442F66998}"
EndProject
Project("{9A19103F-16F7-4668-BE54-9A1E7A4F7556}") = "Infrastructure.MessageBus", "src\Services\Repair\Infrastructure.MessageBus\Infrastructure.MessageBus.csproj", "{3D112847-99C1-40BC-A0F8-9763DDF28C93}"
EndProject
Project("{9A19103F-16F7-4668-BE54-9A1E7A4F7556}") = "WorkerService", "src\Services\Repair\WorkerService\WorkerService.csproj", "{318F5B13-D681-4EF2-8216-9D095ED4D60D}"
EndProject
Project("{9A19103F-16F7-4668-BE54-9A1E7A4F7556}") = "Application", "src\Services\Scheduling\Application\Application.csproj", "{9A50EAC0-B486-4332-B07C-E2BF5206A080}"
EndProject
Project("{9A19103F-16F7-4668-BE54-9A1E7A4F7556}") = "Infrastructure.EventStore", "src\Services\Scheduling\Infrastructure.EventStore\Infrastructure.EventStore.csproj", "{CE930F8E-B638-4870-BFA0-3FA00C689451}"
EndProject
Project("{9A19103F-16F7-4668-BE54-9A1E7A4F7556}") = "Application", "src\Services\Repair\Application\Application.csproj", "{6D12377A-85EE-46B0-BE46-D218AF5ED6FC}"
EndProject
Project("{9A19103F-16F7-4668-BE54-9A1E7A4F7556}") = "Infrastructure.MessageBus", "src\Services\Scheduling\Infrastructure.MessageBus\Infrastructure.MessageBus.csproj", "{EAE15BFC-FD8F-4F63-B1F7-F41DD4172C0F}"
EndProject
Project("{9A19103F-16F7-4668-BE54-9A1E7A4F7556}") = "Domain", "src\Services\Scheduling\Domain\Domain.csproj", "{F8A0779C-21FC-484D-8F1D-CEDB0238F1FC}"
EndProject
Project("{9A19103F-16F7-4668-BE54-9A1E7A4F7556}") = "WorkerService", "src\Services\Scheduling\WorkerService\WorkerService.csproj", "{3A634E9C-85D3-4414-BF11-618F36EFBBCA}"
EndProject
Project("{9A19103F-16F7-4668-BE54-9A1E7A4F7556}") = "Domain", "src\Services\Warehouse\Domain\Domain.csproj", "{F004BA65-5217-4CD9-9912-A4FA11EB4F94}"
EndProject
Project("{9A19103F-16F7-4668-BE54-9A1E7A4F7556}") = "Infrastructure.EventStore", "src\Services\Warehouse\Infrastructure.EventStore\Infrastructure.EventStore.csproj", "{660A190C-075E-404A-89F1-30D6D81E3B74}"
EndProject
Project("{9A19103F-16F7-4668-BE54-9A1E7A4F7556}") = "Infrastructure.MessageBus", "src\Services\Warehouse\Infrastructure.MessageBus\Infrastructure.MessageBus.csproj", "{9D80A163-BBC7-4CA2-90D0-A34490235CB3}"
EndProject
Project("{9A19103F-16F7-4668-BE54-9A1E7A4F7556}") = "WorkerService", "src\Services\Warehouse\WorkerService\WorkerService.csproj", "{D70ED747-3833-43FB-9A6C-3355295799C1}"
EndProject
Project("{2150E333-8FDC-42A3-9474-1A3956D46DE8}") = "Web", "Web", "{1A42536C-FD34-485D-A21D-3FEB2FF96B31}"
EndProject
Project("{9A19103F-16F7-4668-BE54-9A1E7A4F7556}") = "WebAPI", "src\Web\WebAPI\WebAPI.csproj", "{F963979C-BB25-4D26-9D30-8F5B3AFA03E7}"
EndProject
Project("{9A19103F-16F7-4668-BE54-9A1E7A4F7556}") = "Contracts", "src\Contracts\Contracts.csproj", "{B58472AD-D352-4925-9CD8-5108DD46F607}"
EndProject
Project("{9A19103F-16F7-4668-BE54-9A1E7A4F7556}") = "Application", "src\Services\Warehouse\Application\Application.csproj", "{4277595E-7979-41EF-8E30-1A1AFBC3E70F}"
EndProject
Project("{2150E333-8FDC-42A3-9474-1A3956D46DE8}") = "Invoicing", "Invoicing", "{50AB665D-4F33-4E43-857F-BDC89CEC0C06}"
EndProject
Global
	GlobalSection(SolutionConfigurationPlatforms) = preSolution
		Debug|Any CPU = Debug|Any CPU
		Release|Any CPU = Release|Any CPU
	EndGlobalSection
	GlobalSection(ProjectConfigurationPlatforms) = postSolution
		{89463748-3226-4BD0-8D7C-607AB68D0E02}.Debug|Any CPU.ActiveCfg = Debug|Any CPU
		{89463748-3226-4BD0-8D7C-607AB68D0E02}.Debug|Any CPU.Build.0 = Debug|Any CPU
		{89463748-3226-4BD0-8D7C-607AB68D0E02}.Release|Any CPU.ActiveCfg = Release|Any CPU
		{89463748-3226-4BD0-8D7C-607AB68D0E02}.Release|Any CPU.Build.0 = Release|Any CPU
		{6427923E-6094-4F2E-8878-535442F66998}.Debug|Any CPU.ActiveCfg = Debug|Any CPU
		{6427923E-6094-4F2E-8878-535442F66998}.Debug|Any CPU.Build.0 = Debug|Any CPU
		{6427923E-6094-4F2E-8878-535442F66998}.Release|Any CPU.ActiveCfg = Release|Any CPU
		{6427923E-6094-4F2E-8878-535442F66998}.Release|Any CPU.Build.0 = Release|Any CPU
		{3D112847-99C1-40BC-A0F8-9763DDF28C93}.Debug|Any CPU.ActiveCfg = Debug|Any CPU
		{3D112847-99C1-40BC-A0F8-9763DDF28C93}.Debug|Any CPU.Build.0 = Debug|Any CPU
		{3D112847-99C1-40BC-A0F8-9763DDF28C93}.Release|Any CPU.ActiveCfg = Release|Any CPU
		{3D112847-99C1-40BC-A0F8-9763DDF28C93}.Release|Any CPU.Build.0 = Release|Any CPU
		{318F5B13-D681-4EF2-8216-9D095ED4D60D}.Debug|Any CPU.ActiveCfg = Debug|Any CPU
		{318F5B13-D681-4EF2-8216-9D095ED4D60D}.Debug|Any CPU.Build.0 = Debug|Any CPU
		{318F5B13-D681-4EF2-8216-9D095ED4D60D}.Release|Any CPU.ActiveCfg = Release|Any CPU
		{318F5B13-D681-4EF2-8216-9D095ED4D60D}.Release|Any CPU.Build.0 = Release|Any CPU
		{9A50EAC0-B486-4332-B07C-E2BF5206A080}.Debug|Any CPU.ActiveCfg = Debug|Any CPU
		{9A50EAC0-B486-4332-B07C-E2BF5206A080}.Debug|Any CPU.Build.0 = Debug|Any CPU
		{9A50EAC0-B486-4332-B07C-E2BF5206A080}.Release|Any CPU.ActiveCfg = Release|Any CPU
		{9A50EAC0-B486-4332-B07C-E2BF5206A080}.Release|Any CPU.Build.0 = Release|Any CPU
		{CE930F8E-B638-4870-BFA0-3FA00C689451}.Debug|Any CPU.ActiveCfg = Debug|Any CPU
		{CE930F8E-B638-4870-BFA0-3FA00C689451}.Debug|Any CPU.Build.0 = Debug|Any CPU
		{CE930F8E-B638-4870-BFA0-3FA00C689451}.Release|Any CPU.ActiveCfg = Release|Any CPU
		{CE930F8E-B638-4870-BFA0-3FA00C689451}.Release|Any CPU.Build.0 = Release|Any CPU
		{6D12377A-85EE-46B0-BE46-D218AF5ED6FC}.Debug|Any CPU.ActiveCfg = Debug|Any CPU
		{6D12377A-85EE-46B0-BE46-D218AF5ED6FC}.Debug|Any CPU.Build.0 = Debug|Any CPU
		{6D12377A-85EE-46B0-BE46-D218AF5ED6FC}.Release|Any CPU.ActiveCfg = Release|Any CPU
		{6D12377A-85EE-46B0-BE46-D218AF5ED6FC}.Release|Any CPU.Build.0 = Release|Any CPU
		{EAE15BFC-FD8F-4F63-B1F7-F41DD4172C0F}.Debug|Any CPU.ActiveCfg = Debug|Any CPU
		{EAE15BFC-FD8F-4F63-B1F7-F41DD4172C0F}.Debug|Any CPU.Build.0 = Debug|Any CPU
		{EAE15BFC-FD8F-4F63-B1F7-F41DD4172C0F}.Release|Any CPU.ActiveCfg = Release|Any CPU
		{EAE15BFC-FD8F-4F63-B1F7-F41DD4172C0F}.Release|Any CPU.Build.0 = Release|Any CPU
		{F8A0779C-21FC-484D-8F1D-CEDB0238F1FC}.Debug|Any CPU.ActiveCfg = Debug|Any CPU
		{F8A0779C-21FC-484D-8F1D-CEDB0238F1FC}.Debug|Any CPU.Build.0 = Debug|Any CPU
		{F8A0779C-21FC-484D-8F1D-CEDB0238F1FC}.Release|Any CPU.ActiveCfg = Release|Any CPU
		{F8A0779C-21FC-484D-8F1D-CEDB0238F1FC}.Release|Any CPU.Build.0 = Release|Any CPU
		{3A634E9C-85D3-4414-BF11-618F36EFBBCA}.Debug|Any CPU.ActiveCfg = Debug|Any CPU
		{3A634E9C-85D3-4414-BF11-618F36EFBBCA}.Debug|Any CPU.Build.0 = Debug|Any CPU
		{3A634E9C-85D3-4414-BF11-618F36EFBBCA}.Release|Any CPU.ActiveCfg = Release|Any CPU
		{3A634E9C-85D3-4414-BF11-618F36EFBBCA}.Release|Any CPU.Build.0 = Release|Any CPU
		{F004BA65-5217-4CD9-9912-A4FA11EB4F94}.Debug|Any CPU.ActiveCfg = Debug|Any CPU
		{F004BA65-5217-4CD9-9912-A4FA11EB4F94}.Debug|Any CPU.Build.0 = Debug|Any CPU
		{F004BA65-5217-4CD9-9912-A4FA11EB4F94}.Release|Any CPU.ActiveCfg = Release|Any CPU
		{F004BA65-5217-4CD9-9912-A4FA11EB4F94}.Release|Any CPU.Build.0 = Release|Any CPU
		{660A190C-075E-404A-89F1-30D6D81E3B74}.Debug|Any CPU.ActiveCfg = Debug|Any CPU
		{660A190C-075E-404A-89F1-30D6D81E3B74}.Debug|Any CPU.Build.0 = Debug|Any CPU
		{660A190C-075E-404A-89F1-30D6D81E3B74}.Release|Any CPU.ActiveCfg = Release|Any CPU
		{660A190C-075E-404A-89F1-30D6D81E3B74}.Release|Any CPU.Build.0 = Release|Any CPU
		{9D80A163-BBC7-4CA2-90D0-A34490235CB3}.Debug|Any CPU.ActiveCfg = Debug|Any CPU
		{9D80A163-BBC7-4CA2-90D0-A34490235CB3}.Debug|Any CPU.Build.0 = Debug|Any CPU
		{9D80A163-BBC7-4CA2-90D0-A34490235CB3}.Release|Any CPU.ActiveCfg = Release|Any CPU
		{9D80A163-BBC7-4CA2-90D0-A34490235CB3}.Release|Any CPU.Build.0 = Release|Any CPU
		{D70ED747-3833-43FB-9A6C-3355295799C1}.Debug|Any CPU.ActiveCfg = Debug|Any CPU
		{D70ED747-3833-43FB-9A6C-3355295799C1}.Debug|Any CPU.Build.0 = Debug|Any CPU
		{D70ED747-3833-43FB-9A6C-3355295799C1}.Release|Any CPU.ActiveCfg = Release|Any CPU
		{D70ED747-3833-43FB-9A6C-3355295799C1}.Release|Any CPU.Build.0 = Release|Any CPU
		{F963979C-BB25-4D26-9D30-8F5B3AFA03E7}.Debug|Any CPU.ActiveCfg = Debug|Any CPU
		{F963979C-BB25-4D26-9D30-8F5B3AFA03E7}.Debug|Any CPU.Build.0 = Debug|Any CPU
		{F963979C-BB25-4D26-9D30-8F5B3AFA03E7}.Release|Any CPU.ActiveCfg = Release|Any CPU
		{F963979C-BB25-4D26-9D30-8F5B3AFA03E7}.Release|Any CPU.Build.0 = Release|Any CPU
		{B58472AD-D352-4925-9CD8-5108DD46F607}.Debug|Any CPU.ActiveCfg = Debug|Any CPU
		{B58472AD-D352-4925-9CD8-5108DD46F607}.Debug|Any CPU.Build.0 = Debug|Any CPU
		{B58472AD-D352-4925-9CD8-5108DD46F607}.Release|Any CPU.ActiveCfg = Release|Any CPU
		{B58472AD-D352-4925-9CD8-5108DD46F607}.Release|Any CPU.Build.0 = Release|Any CPU
		{4277595E-7979-41EF-8E30-1A1AFBC3E70F}.Debug|Any CPU.ActiveCfg = Debug|Any CPU
		{4277595E-7979-41EF-8E30-1A1AFBC3E70F}.Debug|Any CPU.Build.0 = Debug|Any CPU
		{4277595E-7979-41EF-8E30-1A1AFBC3E70F}.Release|Any CPU.ActiveCfg = Release|Any CPU
		{4277595E-7979-41EF-8E30-1A1AFBC3E70F}.Release|Any CPU.Build.0 = Release|Any CPU
	EndGlobalSection
	GlobalSection(SolutionProperties) = preSolution
		HideSolutionNode = FALSE
	EndGlobalSection
	GlobalSection(NestedProjects) = preSolution
		{26272C75-B9CD-4465-8620-4A30D1E7FAEF} = {BD89DEFC-C5A2-486A-9E86-732F64A3C69F}
		{1B698C74-5051-49D4-A189-91AF3BCE93A4} = {26272C75-B9CD-4465-8620-4A30D1E7FAEF}
		{67F896FA-6D78-4986-AE6B-68546BD71713} = {26272C75-B9CD-4465-8620-4A30D1E7FAEF}
		{77E5993A-0F48-4132-8724-FC0C7BFAE576} = {26272C75-B9CD-4465-8620-4A30D1E7FAEF}
		{89463748-3226-4BD0-8D7C-607AB68D0E02} = {1B698C74-5051-49D4-A189-91AF3BCE93A4}
		{6427923E-6094-4F2E-8878-535442F66998} = {1B698C74-5051-49D4-A189-91AF3BCE93A4}
		{3D112847-99C1-40BC-A0F8-9763DDF28C93} = {1B698C74-5051-49D4-A189-91AF3BCE93A4}
		{318F5B13-D681-4EF2-8216-9D095ED4D60D} = {1B698C74-5051-49D4-A189-91AF3BCE93A4}
		{9A50EAC0-B486-4332-B07C-E2BF5206A080} = {67F896FA-6D78-4986-AE6B-68546BD71713}
		{CE930F8E-B638-4870-BFA0-3FA00C689451} = {67F896FA-6D78-4986-AE6B-68546BD71713}
		{6D12377A-85EE-46B0-BE46-D218AF5ED6FC} = {1B698C74-5051-49D4-A189-91AF3BCE93A4}
		{EAE15BFC-FD8F-4F63-B1F7-F41DD4172C0F} = {67F896FA-6D78-4986-AE6B-68546BD71713}
		{F8A0779C-21FC-484D-8F1D-CEDB0238F1FC} = {67F896FA-6D78-4986-AE6B-68546BD71713}
		{3A634E9C-85D3-4414-BF11-618F36EFBBCA} = {67F896FA-6D78-4986-AE6B-68546BD71713}
		{F004BA65-5217-4CD9-9912-A4FA11EB4F94} = {77E5993A-0F48-4132-8724-FC0C7BFAE576}
		{660A190C-075E-404A-89F1-30D6D81E3B74} = {77E5993A-0F48-4132-8724-FC0C7BFAE576}
		{9D80A163-BBC7-4CA2-90D0-A34490235CB3} = {77E5993A-0F48-4132-8724-FC0C7BFAE576}
		{D70ED747-3833-43FB-9A6C-3355295799C1} = {77E5993A-0F48-4132-8724-FC0C7BFAE576}
		{1A42536C-FD34-485D-A21D-3FEB2FF96B31} = {BD89DEFC-C5A2-486A-9E86-732F64A3C69F}
		{F963979C-BB25-4D26-9D30-8F5B3AFA03E7} = {1A42536C-FD34-485D-A21D-3FEB2FF96B31}
		{B58472AD-D352-4925-9CD8-5108DD46F607} = {BD89DEFC-C5A2-486A-9E86-732F64A3C69F}
		{4277595E-7979-41EF-8E30-1A1AFBC3E70F} = {77E5993A-0F48-4132-8724-FC0C7BFAE576}
		{50AB665D-4F33-4E43-857F-BDC89CEC0C06} = {26272C75-B9CD-4465-8620-4A30D1E7FAEF}
	EndGlobalSection
	GlobalSection(ExtensibilityGlobals) = postSolution
		SolutionGuid = {34532182-615E-4153-A48B-E96039AF6127}
	EndGlobalSection
EndGlobal
